// !$*UTF8*$!
{
	archiveVersion = 1;
	classes = {
	};
	objectVersion = 48;
	objects = {

/* Begin PBXBuildFile section */
		8D3CBB7B21E438B600220094 /* AppDelegate.swift in Sources */ = {isa = PBXBuildFile; fileRef = 8D3CBB7A21E438B600220094 /* AppDelegate.swift */; };
		8D3CBB8021E438B600220094 /* Main.storyboard in Resources */ = {isa = PBXBuildFile; fileRef = 8D3CBB7E21E438B600220094 /* Main.storyboard */; };
		8D3CBB8221E438B600220094 /* Assets.xcassets in Resources */ = {isa = PBXBuildFile; fileRef = 8D3CBB8121E438B600220094 /* Assets.xcassets */; };
		8D3CBB8521E438B600220094 /* LaunchScreen.storyboard in Resources */ = {isa = PBXBuildFile; fileRef = 8D3CBB8321E438B600220094 /* LaunchScreen.storyboard */; };
		8D3CBB9121E440D900220094 /* T01ViewController.swift in Sources */ = {isa = PBXBuildFile; fileRef = 8D3CBB9021E440D900220094 /* T01ViewController.swift */; };
		8D3CBB9321E440EE00220094 /* T02ViewController.swift in Sources */ = {isa = PBXBuildFile; fileRef = 8D3CBB9221E440EE00220094 /* T02ViewController.swift */; };
		8D3CBB9521E4410100220094 /* T03ViewController.swift in Sources */ = {isa = PBXBuildFile; fileRef = 8D3CBB9421E4410100220094 /* T03ViewController.swift */; };
		8D3CBB9721E4410F00220094 /* T04ViewController.swift in Sources */ = {isa = PBXBuildFile; fileRef = 8D3CBB9621E4410F00220094 /* T04ViewController.swift */; };
		8D3CBB9921E441B600220094 /* TutorialPageViewController.swift in Sources */ = {isa = PBXBuildFile; fileRef = 8D3CBB9821E441B600220094 /* TutorialPageViewController.swift */; };
		8D3CBB9B21E4C42E00220094 /* Button_Custom.swift in Sources */ = {isa = PBXBuildFile; fileRef = 8D3CBB9A21E4C42E00220094 /* Button_Custom.swift */; };
/* End PBXBuildFile section */

/* Begin PBXFileReference section */
		8D3CBB7721E438B600220094 /* project_Headache.app */ = {isa = PBXFileReference; explicitFileType = wrapper.application; includeInIndex = 0; path = project_Headache.app; sourceTree = BUILT_PRODUCTS_DIR; };
		8D3CBB7A21E438B600220094 /* AppDelegate.swift */ = {isa = PBXFileReference; lastKnownFileType = sourcecode.swift; path = AppDelegate.swift; sourceTree = "<group>"; };
		8D3CBB7F21E438B600220094 /* Base */ = {isa = PBXFileReference; lastKnownFileType = file.storyboard; name = Base; path = Base.lproj/Main.storyboard; sourceTree = "<group>"; };
		8D3CBB8121E438B600220094 /* Assets.xcassets */ = {isa = PBXFileReference; lastKnownFileType = folder.assetcatalog; path = Assets.xcassets; sourceTree = "<group>"; };
		8D3CBB8421E438B600220094 /* Base */ = {isa = PBXFileReference; lastKnownFileType = file.storyboard; name = Base; path = Base.lproj/LaunchScreen.storyboard; sourceTree = "<group>"; };
		8D3CBB8621E438B600220094 /* Info.plist */ = {isa = PBXFileReference; lastKnownFileType = text.plist.xml; path = Info.plist; sourceTree = "<group>"; };
		8D3CBB9021E440D900220094 /* T01ViewController.swift */ = {isa = PBXFileReference; lastKnownFileType = sourcecode.swift; path = T01ViewController.swift; sourceTree = "<group>"; };
		8D3CBB9221E440EE00220094 /* T02ViewController.swift */ = {isa = PBXFileReference; lastKnownFileType = sourcecode.swift; path = T02ViewController.swift; sourceTree = "<group>"; };
		8D3CBB9421E4410100220094 /* T03ViewController.swift */ = {isa = PBXFileReference; lastKnownFileType = sourcecode.swift; path = T03ViewController.swift; sourceTree = "<group>"; };
		8D3CBB9621E4410F00220094 /* T04ViewController.swift */ = {isa = PBXFileReference; lastKnownFileType = sourcecode.swift; path = T04ViewController.swift; sourceTree = "<group>"; };
		8D3CBB9821E441B600220094 /* TutorialPageViewController.swift */ = {isa = PBXFileReference; lastKnownFileType = sourcecode.swift; path = TutorialPageViewController.swift; sourceTree = "<group>"; };
		8D3CBB9A21E4C42E00220094 /* Button_Custom.swift */ = {isa = PBXFileReference; lastKnownFileType = sourcecode.swift; path = Button_Custom.swift; sourceTree = "<group>"; };
/* End PBXFileReference section */

/* Begin PBXFrameworksBuildPhase section */
		8D3CBB7421E438B600220094 /* Frameworks */ = {
			isa = PBXFrameworksBuildPhase;
			buildActionMask = 2147483647;
			files = (
			);
			runOnlyForDeploymentPostprocessing = 0;
		};
/* End PBXFrameworksBuildPhase section */

/* Begin PBXGroup section */
		8D3CBB6E21E438B600220094 = {
			isa = PBXGroup;
			children = (
				8D3CBB7921E438B600220094 /* project_Headache */,
				8D3CBB7821E438B600220094 /* Products */,
			);
			sourceTree = "<group>";
		};
		8D3CBB7821E438B600220094 /* Products */ = {
			isa = PBXGroup;
			children = (
				8D3CBB7721E438B600220094 /* project_Headache.app */,
			);
			name = Products;
			sourceTree = "<group>";
		};
		8D3CBB7921E438B600220094 /* project_Headache */ = {
			isa = PBXGroup;
			children = (
				8D3CBB8F21E438FD00220094 /* New Group3 */,
				8D3CBB8E21E438FB00220094 /* New Group2 */,
				8D3CBB8D21E438F800220094 /* New Group1 */,
				8D3CBB8C21E438F300220094 /* Tutorial */,
				8D3CBB7E21E438B600220094 /* Main.storyboard */,
				8D3CBB8121E438B600220094 /* Assets.xcassets */,
				8D3CBB8321E438B600220094 /* LaunchScreen.storyboard */,
				8D3CBB8621E438B600220094 /* Info.plist */,
				8D3CBB9A21E4C42E00220094 /* Button_Custom.swift */,
			);
			path = project_Headache;
			sourceTree = "<group>";
		};
		8D3CBB8C21E438F300220094 /* Tutorial */ = {
			isa = PBXGroup;
			children = (
				8D3CBB9821E441B600220094 /* TutorialPageViewController.swift */,
				8D3CBB9021E440D900220094 /* T01ViewController.swift */,
				8D3CBB9221E440EE00220094 /* T02ViewController.swift */,
				8D3CBB9421E4410100220094 /* T03ViewController.swift */,
				8D3CBB9621E4410F00220094 /* T04ViewController.swift */,
			);
			path = Tutorial;
			sourceTree = "<group>";
		};
		8D3CBB8D21E438F800220094 /* New Group1 */ = {
			isa = PBXGroup;
			children = (
				8D3CBB7A21E438B600220094 /* AppDelegate.swift */,
			);
			path = "New Group1";
			sourceTree = "<group>";
		};
		8D3CBB8E21E438FB00220094 /* New Group2 */ = {
			isa = PBXGroup;
			children = (
			);
			path = "New Group2";
			sourceTree = "<group>";
		};
		8D3CBB8F21E438FD00220094 /* New Group3 */ = {
			isa = PBXGroup;
			children = (
			);
			path = "New Group3";
			sourceTree = "<group>";
		};
/* End PBXGroup section */

/* Begin PBXNativeTarget section */
		8D3CBB7621E438B600220094 /* project_Headache */ = {
			isa = PBXNativeTarget;
			buildConfigurationList = 8D3CBB8921E438B600220094 /* Build configuration list for PBXNativeTarget "project_Headache" */;
			buildPhases = (
				8D3CBB7321E438B600220094 /* Sources */,
				8D3CBB7421E438B600220094 /* Frameworks */,
				8D3CBB7521E438B600220094 /* Resources */,
			);
			buildRules = (
			);
			dependencies = (
			);
			name = project_Headache;
			productName = project_Headache;
			productReference = 8D3CBB7721E438B600220094 /* project_Headache.app */;
			productType = "com.apple.product-type.application";
		};
/* End PBXNativeTarget section */

/* Begin PBXProject section */
		8D3CBB6F21E438B600220094 /* Project object */ = {
			isa = PBXProject;
			attributes = {
				LastSwiftUpdateCheck = 0920;
				LastUpgradeCheck = 0920;
				ORGANIZATIONNAME = "tatsunari-k";
				TargetAttributes = {
					8D3CBB7621E438B600220094 = {
						CreatedOnToolsVersion = 9.2;
						ProvisioningStyle = Automatic;
					};
				};
			};
			buildConfigurationList = 8D3CBB7221E438B600220094 /* Build configuration list for PBXProject "project_Headache" */;
			compatibilityVersion = "Xcode 8.0";
			developmentRegion = en;
			hasScannedForEncodings = 0;
			knownRegions = (
				en,
				Base,
			);
			mainGroup = 8D3CBB6E21E438B600220094;
			productRefGroup = 8D3CBB7821E438B600220094 /* Products */;
			projectDirPath = "";
			projectRoot = "";
			targets = (
				8D3CBB7621E438B600220094 /* project_Headache */,
			);
		};
/* End PBXProject section */

/* Begin PBXResourcesBuildPhase section */
		8D3CBB7521E438B600220094 /* Resources */ = {
			isa = PBXResourcesBuildPhase;
			buildActionMask = 2147483647;
			files = (
				8D3CBB8521E438B600220094 /* LaunchScreen.storyboard in Resources */,
				8D3CBB8221E438B600220094 /* Assets.xcassets in Resources */,
				8D3CBB8021E438B600220094 /* Main.storyboard in Resources */,
			);
			runOnlyForDeploymentPostprocessing = 0;
		};
/* End PBXResourcesBuildPhase section */

/* Begin PBXSourcesBuildPhase section */
		8D3CBB7321E438B600220094 /* Sources */ = {
			isa = PBXSourcesBuildPhase;
			buildActionMask = 2147483647;
			files = (
				8D3CBB9921E441B600220094 /* TutorialPageViewController.swift in Sources */,
				8D3CBB9121E440D900220094 /* T01ViewController.swift in Sources */,
				8D3CBB9B21E4C42E00220094 /* Button_Custom.swift in Sources */,
				8D3CBB9321E440EE00220094 /* T02ViewController.swift in Sources */,
				8D3CBB9721E4410F00220094 /* T04ViewController.swift in Sources */,
				8D3CBB7B21E438B600220094 /* AppDelegate.swift in Sources */,
				8D3CBB9521E4410100220094 /* T03ViewController.swift in Sources */,
			);
			runOnlyForDeploymentPostprocessing = 0;
		};
/* End PBXSourcesBuildPhase section */

/* Begin PBXVariantGroup section */
		8D3CBB7E21E438B600220094 /* Main.storyboard */ = {
			isa = PBXVariantGroup;
			children = (
				8D3CBB7F21E438B600220094 /* Base */,
			);
			name = Main.storyboard;
			sourceTree = "<group>";
		};
		8D3CBB8321E438B600220094 /* LaunchScreen.storyboard */ = {
			isa = PBXVariantGroup;
			children = (
				8D3CBB8421E438B600220094 /* Base */,
			);
			name = LaunchScreen.storyboard;
			sourceTree = "<group>";
		};
/* End PBXVariantGroup section */

/* Begin XCBuildConfiguration section */
		8D3CBB8721E438B600220094 /* Debug */ = {
			isa = XCBuildConfiguration;
			buildSettings = {
				ALWAYS_SEARCH_USER_PATHS = NO;
				CLANG_ANALYZER_NONNULL = YES;
				CLANG_ANALYZER_NUMBER_OBJECT_CONVERSION = YES_AGGRESSIVE;
				CLANG_CXX_LANGUAGE_STANDARD = "gnu++14";
				CLANG_CXX_LIBRARY = "libc++";
				CLANG_ENABLE_MODULES = YES;
				CLANG_ENABLE_OBJC_ARC = YES;
				CLANG_WARN_BLOCK_CAPTURE_AUTORELEASING = YES;
				CLANG_WARN_BOOL_CONVERSION = YES;
				CLANG_WARN_COMMA = YES;
				CLANG_WARN_CONSTANT_CONVERSION = YES;
				CLANG_WARN_DIRECT_OBJC_ISA_USAGE = YES_ERROR;
				CLANG_WARN_DOCUMENTATION_COMMENTS = YES;
				CLANG_WARN_EMPTY_BODY = YES;
				CLANG_WARN_ENUM_CONVERSION = YES;
				CLANG_WARN_INFINITE_RECURSION = YES;
				CLANG_WARN_INT_CONVERSION = YES;
				CLANG_WARN_NON_LITERAL_NULL_CONVERSION = YES;
				CLANG_WARN_OBJC_LITERAL_CONVERSION = YES;
				CLANG_WARN_OBJC_ROOT_CLASS = YES_ERROR;
				CLANG_WARN_RANGE_LOOP_ANALYSIS = YES;
				CLANG_WARN_STRICT_PROTOTYPES = YES;
				CLANG_WARN_SUSPICIOUS_MOVE = YES;
				CLANG_WARN_UNGUARDED_AVAILABILITY = YES_AGGRESSIVE;
				CLANG_WARN_UNREACHABLE_CODE = YES;
				CLANG_WARN__DUPLICATE_METHOD_MATCH = YES;
				CODE_SIGN_IDENTITY = "iPhone Developer";
				COPY_PHASE_STRIP = NO;
				DEBUG_INFORMATION_FORMAT = dwarf;
				ENABLE_STRICT_OBJC_MSGSEND = YES;
				ENABLE_TESTABILITY = YES;
				GCC_C_LANGUAGE_STANDARD = gnu11;
				GCC_DYNAMIC_NO_PIC = NO;
				GCC_NO_COMMON_BLOCKS = YES;
				GCC_OPTIMIZATION_LEVEL = 0;
				GCC_PREPROCESSOR_DEFINITIONS = (
					"DEBUG=1",
					"$(inherited)",
				);
				GCC_WARN_64_TO_32_BIT_CONVERSION = YES;
				GCC_WARN_ABOUT_RETURN_TYPE = YES_ERROR;
				GCC_WARN_UNDECLARED_SELECTOR = YES;
				GCC_WARN_UNINITIALIZED_AUTOS = YES_AGGRESSIVE;
				GCC_WARN_UNUSED_FUNCTION = YES;
				GCC_WARN_UNUSED_VARIABLE = YES;
				IPHONEOS_DEPLOYMENT_TARGET = 11.2;
				MTL_ENABLE_DEBUG_INFO = YES;
				ONLY_ACTIVE_ARCH = YES;
				SDKROOT = iphoneos;
				SWIFT_ACTIVE_COMPILATION_CONDITIONS = DEBUG;
				SWIFT_OPTIMIZATION_LEVEL = "-Onone";
			};
			name = Debug;
		};
		8D3CBB8821E438B600220094 /* Release */ = {
			isa = XCBuildConfiguration;
			buildSettings = {
				ALWAYS_SEARCH_USER_PATHS = NO;
				CLANG_ANALYZER_NONNULL = YES;
				CLANG_ANALYZER_NUMBER_OBJECT_CONVERSION = YES_AGGRESSIVE;
				CLANG_CXX_LANGUAGE_STANDARD = "gnu++14";
				CLANG_CXX_LIBRARY = "libc++";
				CLANG_ENABLE_MODULES = YES;
				CLANG_ENABLE_OBJC_ARC = YES;
				CLANG_WARN_BLOCK_CAPTURE_AUTORELEASING = YES;
				CLANG_WARN_BOOL_CONVERSION = YES;
				CLANG_WARN_COMMA = YES;
				CLANG_WARN_CONSTANT_CONVERSION = YES;
				CLANG_WARN_DIRECT_OBJC_ISA_USAGE = YES_ERROR;
				CLANG_WARN_DOCUMENTATION_COMMENTS = YES;
				CLANG_WARN_EMPTY_BODY = YES;
				CLANG_WARN_ENUM_CONVERSION = YES;
				CLANG_WARN_INFINITE_RECURSION = YES;
				CLANG_WARN_INT_CONVERSION = YES;
				CLANG_WARN_NON_LITERAL_NULL_CONVERSION = YES;
				CLANG_WARN_OBJC_LITERAL_CONVERSION = YES;
				CLANG_WARN_OBJC_ROOT_CLASS = YES_ERROR;
				CLANG_WARN_RANGE_LOOP_ANALYSIS = YES;
				CLANG_WARN_STRICT_PROTOTYPES = YES;
				CLANG_WARN_SUSPICIOUS_MOVE = YES;
				CLANG_WARN_UNGUARDED_AVAILABILITY = YES_AGGRESSIVE;
				CLANG_WARN_UNREACHABLE_CODE = YES;
				CLANG_WARN__DUPLICATE_METHOD_MATCH = YES;
				CODE_SIGN_IDENTITY = "iPhone Developer";
				COPY_PHASE_STRIP = NO;
				DEBUG_INFORMATION_FORMAT = "dwarf-with-dsym";
				ENABLE_NS_ASSERTIONS = NO;
				ENABLE_STRICT_OBJC_MSGSEND = YES;
				GCC_C_LANGUAGE_STANDARD = gnu11;
				GCC_NO_COMMON_BLOCKS = YES;
				GCC_WARN_64_TO_32_BIT_CONVERSION = YES;
				GCC_WARN_ABOUT_RETURN_TYPE = YES_ERROR;
				GCC_WARN_UNDECLARED_SELECTOR = YES;
				GCC_WARN_UNINITIALIZED_AUTOS = YES_AGGRESSIVE;
				GCC_WARN_UNUSED_FUNCTION = YES;
				GCC_WARN_UNUSED_VARIABLE = YES;
				IPHONEOS_DEPLOYMENT_TARGET = 11.2;
				MTL_ENABLE_DEBUG_INFO = NO;
				SDKROOT = iphoneos;
				SWIFT_OPTIMIZATION_LEVEL = "-Owholemodule";
				VALIDATE_PRODUCT = YES;
			};
			name = Release;
		};
		8D3CBB8A21E438B600220094 /* Debug */ = {
			isa = XCBuildConfiguration;
			buildSettings = {
				ASSETCATALOG_COMPILER_APPICON_NAME = AppIcon;
				CODE_SIGN_STYLE = Automatic;
				DEVELOPMENT_TEAM = 64K5AYF87L;
				INFOPLIST_FILE = project_Headache/Info.plist;
				LD_RUNPATH_SEARCH_PATHS = "$(inherited) @executable_path/Frameworks";
				PRODUCT_BUNDLE_IDENTIFIER = "jp.techacademy.tatsunari-k.project-Headache";
				PRODUCT_NAME = "$(TARGET_NAME)";
				SWIFT_VERSION = 4.0;
				TARGETED_DEVICE_FAMILY = "1,2";
			};
			name = Debug;
		};
		8D3CBB8B21E438B600220094 /* Release */ = {
			isa = XCBuildConfiguration;
			buildSettings = {
				ASSETCATALOG_COMPILER_APPICON_NAME = AppIcon;
				CODE_SIGN_STYLE = Automatic;
				DEVELOPMENT_TEAM = 64K5AYF87L;
				INFOPLIST_FILE = project_Headache/Info.plist;
				LD_RUNPATH_SEARCH_PATHS = "$(inherited) @executable_path/Frameworks";
				PRODUCT_BUNDLE_IDENTIFIER = "jp.techacademy.tatsunari-k.project-Headache";
				PRODUCT_NAME = "$(TARGET_NAME)";
				SWIFT_VERSION = 4.0;
				TARGETED_DEVICE_FAMILY = "1,2";
			};
			name = Release;
		};
/* End XCBuildConfiguration section */

/* Begin XCConfigurationList section */
		8D3CBB7221E438B600220094 /* Build configuration list for PBXProject "project_Headache" */ = {
			isa = XCConfigurationList;
			buildConfigurations = (
				8D3CBB8721E438B600220094 /* Debug */,
				8D3CBB8821E438B600220094 /* Release */,
			);
			defaultConfigurationIsVisible = 0;
			defaultConfigurationName = Release;
		};
		8D3CBB8921E438B600220094 /* Build configuration list for PBXNativeTarget "project_Headache" */ = {
			isa = XCConfigurationList;
			buildConfigurations = (
				8D3CBB8A21E438B600220094 /* Debug */,
				8D3CBB8B21E438B600220094 /* Release */,
			);
			defaultConfigurationIsVisible = 0;
			defaultConfigurationName = Release;
		};
/* End XCConfigurationList section */
	};
	rootObject = 8D3CBB6F21E438B600220094 /* Project object */;
}
